
Microsoft Visual Studio Solution File, Format Version 12.00
# Visual Studio Version 16
VisualStudioVersion = 16.0.30804.86
MinimumVisualStudioVersion = 10.0.40219.1
Project("{FAE04EC0-301F-11D3-BF4B-00C04F79EFBC}") = "Assignment_2_dotnet_framework", "Assignment_2_dotnet_framework\Assignment_2_dotnet_framework.csproj", "{D10060A3-EA10-4434-9F72-DF7B386A0510}"
EndProject
Project("{9A19103F-16F7-4668-BE54-9A1E7A4F7556}") = "source control assignment1", "..\..\Assignment_1\source control assignment1.csproj", "{B0720327-D199-4E9F-959C-D490EFDE4F5D}"
EndProject
Global
	GlobalSection(SolutionConfigurationPlatforms) = preSolution
		Debug|Any CPU = Debug|Any CPU
		Release|Any CPU = Release|Any CPU
	EndGlobalSection
	GlobalSection(ProjectConfigurationPlatforms) = postSolution
		{D10060A3-EA10-4434-9F72-DF7B386A0510}.Debug|Any CPU.ActiveCfg = Debug|Any CPU
		{D10060A3-EA10-4434-9F72-DF7B386A0510}.Debug|Any CPU.Build.0 = Debug|Any CPU
		{D10060A3-EA10-4434-9F72-DF7B386A0510}.Release|Any CPU.ActiveCfg = Release|Any CPU
		{D10060A3-EA10-4434-9F72-DF7B386A0510}.Release|Any CPU.Build.0 = Release|Any CPU
		{B0720327-D199-4E9F-959C-D490EFDE4F5D}.Debug|Any CPU.ActiveCfg = Debug|Any CPU
		{B0720327-D199-4E9F-959C-D490EFDE4F5D}.Debug|Any CPU.Build.0 = Debug|Any CPU
		{B0720327-D199-4E9F-959C-D490EFDE4F5D}.Release|Any CPU.ActiveCfg = Release|Any CPU
		{B0720327-D199-4E9F-959C-D490EFDE4F5D}.Release|Any CPU.Build.0 = Release|Any CPU
	EndGlobalSection
	GlobalSection(SolutionProperties) = preSolution
		HideSolutionNode = FALSE
	EndGlobalSection
	GlobalSection(ExtensibilityGlobals) = postSolution
		SolutionGuid = {C35A45CD-3140-451E-9FDE-953F0E9FC6B7}
	EndGlobalSection
EndGlobal
